
Microsoft Visual Studio Solution File, Format Version 12.00
# Visual Studio Version 17
VisualStudioVersion = 17.5.33627.172
MinimumVisualStudioVersion = 10.0.40219.1
Project("{9A19103F-16F7-4668-BE54-9A1E7A4F7556}") = "Shiny", "Shiny\Shiny.csproj", "{7664F524-F856-4C4E-862C-806FC8F945CA}"
EndProject
Project("{9A19103F-16F7-4668-BE54-9A1E7A4F7556}") = "ShinyMSTest", "ShinyMSTest\ShinyMSTest.csproj", "{DFC335BE-00F4-40DA-A9A2-105A48487BB0}"
EndProject
Project("{9A19103F-16F7-4668-BE54-9A1E7A4F7556}") = "ShinyNUnitTest", "ShinyNUnitTest\ShinyNUnitTest.csproj", "{0CD28B71-ABAD-4EB1-9717-A576A00D455A}"
EndProject
Project("{FAE04EC0-301F-11D3-BF4B-00C04F79EFBC}") = "ShinyXUnit", "ShinyXUnit\ShinyXUnit.csproj", "{8210E1DC-8D00-4E60-A2CE-A67F945B18FA}"
EndProject
Project("{2150E333-8FDC-42A3-9474-1A3956D46DE8}") = "BasicFundation", "BasicFundation", "{16968CD6-38DF-4A81-BB2E-50A67CD423CE}"
EndProject
Global
	GlobalSection(SolutionConfigurationPlatforms) = preSolution
		Debug|Any CPU = Debug|Any CPU
		Release|Any CPU = Release|Any CPU
	EndGlobalSection
	GlobalSection(ProjectConfigurationPlatforms) = postSolution
		{7664F524-F856-4C4E-862C-806FC8F945CA}.Debug|Any CPU.ActiveCfg = Debug|Any CPU
		{7664F524-F856-4C4E-862C-806FC8F945CA}.Debug|Any CPU.Build.0 = Debug|Any CPU
		{7664F524-F856-4C4E-862C-806FC8F945CA}.Release|Any CPU.ActiveCfg = Release|Any CPU
		{7664F524-F856-4C4E-862C-806FC8F945CA}.Release|Any CPU.Build.0 = Release|Any CPU
		{DFC335BE-00F4-40DA-A9A2-105A48487BB0}.Debug|Any CPU.ActiveCfg = Debug|Any CPU
		{DFC335BE-00F4-40DA-A9A2-105A48487BB0}.Debug|Any CPU.Build.0 = Debug|Any CPU
		{DFC335BE-00F4-40DA-A9A2-105A48487BB0}.Release|Any CPU.ActiveCfg = Release|Any CPU
		{DFC335BE-00F4-40DA-A9A2-105A48487BB0}.Release|Any CPU.Build.0 = Release|Any CPU
		{0CD28B71-ABAD-4EB1-9717-A576A00D455A}.Debug|Any CPU.ActiveCfg = Debug|Any CPU
		{0CD28B71-ABAD-4EB1-9717-A576A00D455A}.Debug|Any CPU.Build.0 = Debug|Any CPU
		{0CD28B71-ABAD-4EB1-9717-A576A00D455A}.Release|Any CPU.ActiveCfg = Release|Any CPU
		{0CD28B71-ABAD-4EB1-9717-A576A00D455A}.Release|Any CPU.Build.0 = Release|Any CPU
		{8210E1DC-8D00-4E60-A2CE-A67F945B18FA}.Debug|Any CPU.ActiveCfg = Debug|Any CPU
		{8210E1DC-8D00-4E60-A2CE-A67F945B18FA}.Debug|Any CPU.Build.0 = Debug|Any CPU
		{8210E1DC-8D00-4E60-A2CE-A67F945B18FA}.Release|Any CPU.ActiveCfg = Release|Any CPU
		{8210E1DC-8D00-4E60-A2CE-A67F945B18FA}.Release|Any CPU.Build.0 = Release|Any CPU
	EndGlobalSection
	GlobalSection(SolutionProperties) = preSolution
		HideSolutionNode = FALSE
	EndGlobalSection
	GlobalSection(NestedProjects) = preSolution
		{7664F524-F856-4C4E-862C-806FC8F945CA} = {16968CD6-38DF-4A81-BB2E-50A67CD423CE}
		{DFC335BE-00F4-40DA-A9A2-105A48487BB0} = {16968CD6-38DF-4A81-BB2E-50A67CD423CE}
		{0CD28B71-ABAD-4EB1-9717-A576A00D455A} = {16968CD6-38DF-4A81-BB2E-50A67CD423CE}
		{8210E1DC-8D00-4E60-A2CE-A67F945B18FA} = {16968CD6-38DF-4A81-BB2E-50A67CD423CE}
	EndGlobalSection
	GlobalSection(ExtensibilityGlobals) = postSolution
		SolutionGuid = {AD56655D-5F5B-4E88-9C2F-285C34358E90}
	EndGlobalSection
EndGlobal
