
Microsoft Visual Studio Solution File, Format Version 12.00
# Visual Studio Version 17
VisualStudioVersion = 17.5.33627.172
MinimumVisualStudioVersion = 10.0.40219.1
Project("{9A19103F-16F7-4668-BE54-9A1E7A4F7556}") = "Shiny", "Shiny\Shiny.csproj", "{7664F524-F856-4C4E-862C-806FC8F945CA}"
EndProject
Project("{9A19103F-16F7-4668-BE54-9A1E7A4F7556}") = "ShinyMSTest", "ShinyMSTest\ShinyMSTest.csproj", "{DFC335BE-00F4-40DA-A9A2-105A48487BB0}"
EndProject
Project("{9A19103F-16F7-4668-BE54-9A1E7A4F7556}") = "ShinyNUnitTest", "ShinyNUnitTest\ShinyNUnitTest.csproj", "{0CD28B71-ABAD-4EB1-9717-A576A00D455A}"
EndProject
Project("{FAE04EC0-301F-11D3-BF4B-00C04F79EFBC}") = "ShinyXUnit", "ShinyXUnit\ShinyXUnit.csproj", "{8210E1DC-8D00-4E60-A2CE-A67F945B18FA}"
EndProject
Project("{2150E333-8FDC-42A3-9474-1A3956D46DE8}") = "BasicFundation", "BasicFundation", "{16968CD6-38DF-4A81-BB2E-50A67CD423CE}"
EndProject
Project("{2150E333-8FDC-42A3-9474-1A3956D46DE8}") = "BongoWeb", "BongoWeb", "{F7C3F603-0334-47E9-A670-5CA494DAE470}"
EndProject
Project("{9A19103F-16F7-4668-BE54-9A1E7A4F7556}") = "Bongo.DataAccess", "Bongo_InitialSetup (.NET 6)\Bongo.DataAccess\Bongo.DataAccess.csproj", "{54F886CF-5FC1-4FDB-A400-2C928156E6FB}"
EndProject
Project("{9A19103F-16F7-4668-BE54-9A1E7A4F7556}") = "Bongo.Models", "Bongo_InitialSetup (.NET 6)\Bongo.Models\Bongo.Models.csproj", "{08B26A4E-24DE-4692-B4F1-A31AA01B530D}"
EndProject
Project("{9A19103F-16F7-4668-BE54-9A1E7A4F7556}") = "Bongo.Web", "Bongo_InitialSetup (.NET 6)\Bongo.Web\Bongo.Web.csproj", "{D2558BFC-002C-4498-BE43-EE422619EEBE}"
EndProject
Project("{9A19103F-16F7-4668-BE54-9A1E7A4F7556}") = "Bongo.Core", "Bongo_InitialSetup (.NET 6)\Bongo.Core\Bongo.Core.csproj", "{FBFA9ADC-9FAA-40E3-94E8-BEE29D435C1A}"
EndProject
Project("{FAE04EC0-301F-11D3-BF4B-00C04F79EFBC}") = "Bongo.Models.Tests", "Bongo.Models.Tests\Bongo.Models.Tests.csproj", "{35258E03-1EA1-4454-B795-8D66CEDE0621}"
EndProject
Project("{FAE04EC0-301F-11D3-BF4B-00C04F79EFBC}") = "Bongo.DataAccess.Tests", "Bongo.DataAccess.Tests\Bongo.DataAccess.Tests.csproj", "{CD27ED6C-84BB-4A8C-9944-C95FB6B9262D}"
EndProject
Project("{FAE04EC0-301F-11D3-BF4B-00C04F79EFBC}") = "Bongo.Core.Tests", "Bongo.Core.Tests\Bongo.Core.Tests.csproj", "{BE254C03-4B1A-44CA-A044-7B107A01F113}"
EndProject
Project("{FAE04EC0-301F-11D3-BF4B-00C04F79EFBC}") = "Bongo.Web.Tests", "Bongo.Web.Tests\Bongo.Web.Tests.csproj", "{6C701B24-47EB-42D6-9135-3E0BBAA66B22}"
EndProject
Global
	GlobalSection(SolutionConfigurationPlatforms) = preSolution
		Debug|Any CPU = Debug|Any CPU
		Release|Any CPU = Release|Any CPU
	EndGlobalSection
	GlobalSection(ProjectConfigurationPlatforms) = postSolution
		{7664F524-F856-4C4E-862C-806FC8F945CA}.Debug|Any CPU.ActiveCfg = Debug|Any CPU
		{7664F524-F856-4C4E-862C-806FC8F945CA}.Debug|Any CPU.Build.0 = Debug|Any CPU
		{7664F524-F856-4C4E-862C-806FC8F945CA}.Release|Any CPU.ActiveCfg = Release|Any CPU
		{7664F524-F856-4C4E-862C-806FC8F945CA}.Release|Any CPU.Build.0 = Release|Any CPU
		{DFC335BE-00F4-40DA-A9A2-105A48487BB0}.Debug|Any CPU.ActiveCfg = Debug|Any CPU
		{DFC335BE-00F4-40DA-A9A2-105A48487BB0}.Debug|Any CPU.Build.0 = Debug|Any CPU
		{DFC335BE-00F4-40DA-A9A2-105A48487BB0}.Release|Any CPU.ActiveCfg = Release|Any CPU
		{DFC335BE-00F4-40DA-A9A2-105A48487BB0}.Release|Any CPU.Build.0 = Release|Any CPU
		{0CD28B71-ABAD-4EB1-9717-A576A00D455A}.Debug|Any CPU.ActiveCfg = Debug|Any CPU
		{0CD28B71-ABAD-4EB1-9717-A576A00D455A}.Debug|Any CPU.Build.0 = Debug|Any CPU
		{0CD28B71-ABAD-4EB1-9717-A576A00D455A}.Release|Any CPU.ActiveCfg = Release|Any CPU
		{0CD28B71-ABAD-4EB1-9717-A576A00D455A}.Release|Any CPU.Build.0 = Release|Any CPU
		{8210E1DC-8D00-4E60-A2CE-A67F945B18FA}.Debug|Any CPU.ActiveCfg = Debug|Any CPU
		{8210E1DC-8D00-4E60-A2CE-A67F945B18FA}.Debug|Any CPU.Build.0 = Debug|Any CPU
		{8210E1DC-8D00-4E60-A2CE-A67F945B18FA}.Release|Any CPU.ActiveCfg = Release|Any CPU
		{8210E1DC-8D00-4E60-A2CE-A67F945B18FA}.Release|Any CPU.Build.0 = Release|Any CPU
		{54F886CF-5FC1-4FDB-A400-2C928156E6FB}.Debug|Any CPU.ActiveCfg = Debug|Any CPU
		{54F886CF-5FC1-4FDB-A400-2C928156E6FB}.Debug|Any CPU.Build.0 = Debug|Any CPU
		{54F886CF-5FC1-4FDB-A400-2C928156E6FB}.Release|Any CPU.ActiveCfg = Release|Any CPU
		{54F886CF-5FC1-4FDB-A400-2C928156E6FB}.Release|Any CPU.Build.0 = Release|Any CPU
		{08B26A4E-24DE-4692-B4F1-A31AA01B530D}.Debug|Any CPU.ActiveCfg = Debug|Any CPU
		{08B26A4E-24DE-4692-B4F1-A31AA01B530D}.Debug|Any CPU.Build.0 = Debug|Any CPU
		{08B26A4E-24DE-4692-B4F1-A31AA01B530D}.Release|Any CPU.ActiveCfg = Release|Any CPU
		{08B26A4E-24DE-4692-B4F1-A31AA01B530D}.Release|Any CPU.Build.0 = Release|Any CPU
		{D2558BFC-002C-4498-BE43-EE422619EEBE}.Debug|Any CPU.ActiveCfg = Debug|Any CPU
		{D2558BFC-002C-4498-BE43-EE422619EEBE}.Debug|Any CPU.Build.0 = Debug|Any CPU
		{D2558BFC-002C-4498-BE43-EE422619EEBE}.Release|Any CPU.ActiveCfg = Release|Any CPU
		{D2558BFC-002C-4498-BE43-EE422619EEBE}.Release|Any CPU.Build.0 = Release|Any CPU
		{FBFA9ADC-9FAA-40E3-94E8-BEE29D435C1A}.Debug|Any CPU.ActiveCfg = Debug|Any CPU
		{FBFA9ADC-9FAA-40E3-94E8-BEE29D435C1A}.Debug|Any CPU.Build.0 = Debug|Any CPU
		{FBFA9ADC-9FAA-40E3-94E8-BEE29D435C1A}.Release|Any CPU.ActiveCfg = Release|Any CPU
		{FBFA9ADC-9FAA-40E3-94E8-BEE29D435C1A}.Release|Any CPU.Build.0 = Release|Any CPU
		{35258E03-1EA1-4454-B795-8D66CEDE0621}.Debug|Any CPU.ActiveCfg = Debug|Any CPU
		{35258E03-1EA1-4454-B795-8D66CEDE0621}.Debug|Any CPU.Build.0 = Debug|Any CPU
		{35258E03-1EA1-4454-B795-8D66CEDE0621}.Release|Any CPU.ActiveCfg = Release|Any CPU
		{35258E03-1EA1-4454-B795-8D66CEDE0621}.Release|Any CPU.Build.0 = Release|Any CPU
		{CD27ED6C-84BB-4A8C-9944-C95FB6B9262D}.Debug|Any CPU.ActiveCfg = Debug|Any CPU
		{CD27ED6C-84BB-4A8C-9944-C95FB6B9262D}.Debug|Any CPU.Build.0 = Debug|Any CPU
		{CD27ED6C-84BB-4A8C-9944-C95FB6B9262D}.Release|Any CPU.ActiveCfg = Release|Any CPU
		{CD27ED6C-84BB-4A8C-9944-C95FB6B9262D}.Release|Any CPU.Build.0 = Release|Any CPU
		{BE254C03-4B1A-44CA-A044-7B107A01F113}.Debug|Any CPU.ActiveCfg = Debug|Any CPU
		{BE254C03-4B1A-44CA-A044-7B107A01F113}.Debug|Any CPU.Build.0 = Debug|Any CPU
		{BE254C03-4B1A-44CA-A044-7B107A01F113}.Release|Any CPU.ActiveCfg = Release|Any CPU
		{BE254C03-4B1A-44CA-A044-7B107A01F113}.Release|Any CPU.Build.0 = Release|Any CPU
		{6C701B24-47EB-42D6-9135-3E0BBAA66B22}.Debug|Any CPU.ActiveCfg = Debug|Any CPU
		{6C701B24-47EB-42D6-9135-3E0BBAA66B22}.Debug|Any CPU.Build.0 = Debug|Any CPU
		{6C701B24-47EB-42D6-9135-3E0BBAA66B22}.Release|Any CPU.ActiveCfg = Release|Any CPU
		{6C701B24-47EB-42D6-9135-3E0BBAA66B22}.Release|Any CPU.Build.0 = Release|Any CPU
	EndGlobalSection
	GlobalSection(SolutionProperties) = preSolution
		HideSolutionNode = FALSE
	EndGlobalSection
	GlobalSection(NestedProjects) = preSolution
		{7664F524-F856-4C4E-862C-806FC8F945CA} = {16968CD6-38DF-4A81-BB2E-50A67CD423CE}
		{DFC335BE-00F4-40DA-A9A2-105A48487BB0} = {16968CD6-38DF-4A81-BB2E-50A67CD423CE}
		{0CD28B71-ABAD-4EB1-9717-A576A00D455A} = {16968CD6-38DF-4A81-BB2E-50A67CD423CE}
		{8210E1DC-8D00-4E60-A2CE-A67F945B18FA} = {16968CD6-38DF-4A81-BB2E-50A67CD423CE}
		{54F886CF-5FC1-4FDB-A400-2C928156E6FB} = {F7C3F603-0334-47E9-A670-5CA494DAE470}
		{08B26A4E-24DE-4692-B4F1-A31AA01B530D} = {F7C3F603-0334-47E9-A670-5CA494DAE470}
		{D2558BFC-002C-4498-BE43-EE422619EEBE} = {F7C3F603-0334-47E9-A670-5CA494DAE470}
		{FBFA9ADC-9FAA-40E3-94E8-BEE29D435C1A} = {F7C3F603-0334-47E9-A670-5CA494DAE470}
		{35258E03-1EA1-4454-B795-8D66CEDE0621} = {F7C3F603-0334-47E9-A670-5CA494DAE470}
		{CD27ED6C-84BB-4A8C-9944-C95FB6B9262D} = {F7C3F603-0334-47E9-A670-5CA494DAE470}
		{BE254C03-4B1A-44CA-A044-7B107A01F113} = {F7C3F603-0334-47E9-A670-5CA494DAE470}
		{6C701B24-47EB-42D6-9135-3E0BBAA66B22} = {F7C3F603-0334-47E9-A670-5CA494DAE470}
	EndGlobalSection
	GlobalSection(ExtensibilityGlobals) = postSolution
		SolutionGuid = {AD56655D-5F5B-4E88-9C2F-285C34358E90}
	EndGlobalSection
EndGlobal
